
Microsoft Visual Studio Solution File, Format Version 12.00
# Visual Studio Version 17
VisualStudioVersion = 17.11.35327.3
MinimumVisualStudioVersion = 10.0.40219.1
Project("{FAE04EC0-301F-11D3-BF4B-00C04F79EFBC}") = "datatable_test", "datatable_test.csproj", "{E78D2305-1706-490D-8372-A801F6442DC6}"
EndProject
Global
	GlobalSection(SolutionConfigurationPlatforms) = preSolution
		Debug|Any CPU = Debug|Any CPU
		Release|Any CPU = Release|Any CPU
	EndGlobalSection
	GlobalSection(ProjectConfigurationPlatforms) = postSolution
		{E78D2305-1706-490D-8372-A801F6442DC6}.Debug|Any CPU.ActiveCfg = Debug|Any CPU
		{E78D2305-1706-490D-8372-A801F6442DC6}.Debug|Any CPU.Build.0 = Debug|Any CPU
		{E78D2305-1706-490D-8372-A801F6442DC6}.Release|Any CPU.ActiveCfg = Release|Any CPU
		{E78D2305-1706-490D-8372-A801F6442DC6}.Release|Any CPU.Build.0 = Release|Any CPU
	EndGlobalSection
	GlobalSection(SolutionProperties) = preSolution
		HideSolutionNode = FALSE
	EndGlobalSection
	GlobalSection(ExtensibilityGlobals) = postSolution
		SolutionGuid = {A6D364F8-1F7C-4C60-BCF3-6DEAAF5B260D}
	EndGlobalSection
EndGlobal
